
Microsoft Visual Studio Solution File, Format Version 12.00
# Visual Studio Version 17
VisualStudioVersion = 17.10.35122.118
MinimumVisualStudioVersion = 10.0.40219.1
Project("{6EC3EE1D-3C4E-46DD-8F32-0CC8E7565705}") = "2024_1", "2024_1.fsproj", "{26CC334A-A359-4603-853B-57BA500C8B0D}"
EndProject
Project("{6EC3EE1D-3C4E-46DD-8F32-0CC8E7565705}") = "2024_2", "..\2024_2\2024_2.fsproj", "{C698A14A-4095-4AC4-8AE6-0030AB0090C2}"
EndProject
Project("{6EC3EE1D-3C4E-46DD-8F32-0CC8E7565705}") = "2024_3", "..\2024_3\2024_3.fsproj", "{359672FE-7D8C-42D5-9C3C-D1FEA24B1FEA}"
EndProject
Project("{6EC3EE1D-3C4E-46DD-8F32-0CC8E7565705}") = "2024_4", "..\2024_4\2024_4.fsproj", "{000E16ED-E745-4F46-A6E3-9DD8FECF6F6A}"
EndProject
Project("{6EC3EE1D-3C4E-46DD-8F32-0CC8E7565705}") = "2024_5", "..\2024_5\2024_5.fsproj", "{033621BA-4FE5-4B9C-AED7-76A8E5CB12BC}"
EndProject
Project("{6EC3EE1D-3C4E-46DD-8F32-0CC8E7565705}") = "2024_6", "..\2024_6\2024_6.fsproj", "{857B59C8-3AEA-46A1-9C8D-ED70D3B6B73D}"
EndProject
Global
	GlobalSection(SolutionConfigurationPlatforms) = preSolution
		Debug|Any CPU = Debug|Any CPU
		Release|Any CPU = Release|Any CPU
	EndGlobalSection
	GlobalSection(ProjectConfigurationPlatforms) = postSolution
		{26CC334A-A359-4603-853B-57BA500C8B0D}.Debug|Any CPU.ActiveCfg = Debug|Any CPU
		{26CC334A-A359-4603-853B-57BA500C8B0D}.Debug|Any CPU.Build.0 = Debug|Any CPU
		{26CC334A-A359-4603-853B-57BA500C8B0D}.Release|Any CPU.ActiveCfg = Release|Any CPU
		{26CC334A-A359-4603-853B-57BA500C8B0D}.Release|Any CPU.Build.0 = Release|Any CPU
		{C698A14A-4095-4AC4-8AE6-0030AB0090C2}.Debug|Any CPU.ActiveCfg = Debug|Any CPU
		{C698A14A-4095-4AC4-8AE6-0030AB0090C2}.Debug|Any CPU.Build.0 = Debug|Any CPU
		{C698A14A-4095-4AC4-8AE6-0030AB0090C2}.Release|Any CPU.ActiveCfg = Release|Any CPU
		{C698A14A-4095-4AC4-8AE6-0030AB0090C2}.Release|Any CPU.Build.0 = Release|Any CPU
		{359672FE-7D8C-42D5-9C3C-D1FEA24B1FEA}.Debug|Any CPU.ActiveCfg = Debug|Any CPU
		{359672FE-7D8C-42D5-9C3C-D1FEA24B1FEA}.Debug|Any CPU.Build.0 = Debug|Any CPU
		{359672FE-7D8C-42D5-9C3C-D1FEA24B1FEA}.Release|Any CPU.ActiveCfg = Release|Any CPU
		{359672FE-7D8C-42D5-9C3C-D1FEA24B1FEA}.Release|Any CPU.Build.0 = Release|Any CPU
		{000E16ED-E745-4F46-A6E3-9DD8FECF6F6A}.Debug|Any CPU.ActiveCfg = Debug|Any CPU
		{000E16ED-E745-4F46-A6E3-9DD8FECF6F6A}.Debug|Any CPU.Build.0 = Debug|Any CPU
		{000E16ED-E745-4F46-A6E3-9DD8FECF6F6A}.Release|Any CPU.ActiveCfg = Release|Any CPU
		{000E16ED-E745-4F46-A6E3-9DD8FECF6F6A}.Release|Any CPU.Build.0 = Release|Any CPU
		{033621BA-4FE5-4B9C-AED7-76A8E5CB12BC}.Debug|Any CPU.ActiveCfg = Debug|Any CPU
		{033621BA-4FE5-4B9C-AED7-76A8E5CB12BC}.Debug|Any CPU.Build.0 = Debug|Any CPU
		{033621BA-4FE5-4B9C-AED7-76A8E5CB12BC}.Release|Any CPU.ActiveCfg = Release|Any CPU
		{033621BA-4FE5-4B9C-AED7-76A8E5CB12BC}.Release|Any CPU.Build.0 = Release|Any CPU
		{857B59C8-3AEA-46A1-9C8D-ED70D3B6B73D}.Debug|Any CPU.ActiveCfg = Debug|Any CPU
		{857B59C8-3AEA-46A1-9C8D-ED70D3B6B73D}.Debug|Any CPU.Build.0 = Debug|Any CPU
		{857B59C8-3AEA-46A1-9C8D-ED70D3B6B73D}.Release|Any CPU.ActiveCfg = Release|Any CPU
		{857B59C8-3AEA-46A1-9C8D-ED70D3B6B73D}.Release|Any CPU.Build.0 = Release|Any CPU
	EndGlobalSection
	GlobalSection(SolutionProperties) = preSolution
		HideSolutionNode = FALSE
	EndGlobalSection
	GlobalSection(ExtensibilityGlobals) = postSolution
		SolutionGuid = {EBB3E475-0287-4F0B-9C2C-F8786EAF8DE7}
	EndGlobalSection
EndGlobal
